
Microsoft Visual Studio Solution File, Format Version 12.00
# Visual Studio Version 16
VisualStudioVersion = 16.0.30204.135
MinimumVisualStudioVersion = 10.0.40219.1
Project("{FAE04EC0-301F-11D3-BF4B-00C04F79EFBC}") = "Tamagochi Layouts", "Tamagochi Layouts\Tamagochi Layouts.csproj", "{3A8A5E48-4A71-4932-BDC4-6025CA15DB33}"
EndProject
Global
	GlobalSection(SolutionConfigurationPlatforms) = preSolution
		Debug|Any CPU = Debug|Any CPU
		Release|Any CPU = Release|Any CPU
	EndGlobalSection
	GlobalSection(ProjectConfigurationPlatforms) = postSolution
		{3A8A5E48-4A71-4932-BDC4-6025CA15DB33}.Debug|Any CPU.ActiveCfg = Debug|Any CPU
		{3A8A5E48-4A71-4932-BDC4-6025CA15DB33}.Debug|Any CPU.Build.0 = Debug|Any CPU
		{3A8A5E48-4A71-4932-BDC4-6025CA15DB33}.Release|Any CPU.ActiveCfg = Release|Any CPU
		{3A8A5E48-4A71-4932-BDC4-6025CA15DB33}.Release|Any CPU.Build.0 = Release|Any CPU
	EndGlobalSection
	GlobalSection(SolutionProperties) = preSolution
		HideSolutionNode = FALSE
	EndGlobalSection
	GlobalSection(ExtensibilityGlobals) = postSolution
		SolutionGuid = {61D5C755-9C79-41BE-9B55-B4BC3E31AEB5}
	EndGlobalSection
EndGlobal
